
Microsoft Visual Studio Solution File, Format Version 12.00
# Visual Studio 15
VisualStudioVersion = 15.0.26228.9
MinimumVisualStudioVersion = 10.0.40219.1
Project("{FAE04EC0-301F-11D3-BF4B-00C04F79EFBC}") = "Isra.Movs.EmotionDemo.Android", "Isra.Movs.EmotionDemo\Isra.Movs.EmotionDemo.Android\Isra.Movs.EmotionDemo.Android.csproj", "{2CF778D5-B88B-48B6-A345-D13054A5ABE8}"
EndProject
Project("{FAE04EC0-301F-11D3-BF4B-00C04F79EFBC}") = "Isra.Movs.EmotionDemo", "Isra.Movs.EmotionDemo\Isra.Movs.EmotionDemo\Isra.Movs.EmotionDemo.csproj", "{2F64BEB1-92FF-4F22-BC8B-2C6631A00510}"
EndProject
Project("{FAE04EC0-301F-11D3-BF4B-00C04F79EFBC}") = "Isra.Movs.EmotionDemo.UWP", "Isra.Movs.EmotionDemo\Isra.Movs.EmotionDemo.UWP\Isra.Movs.EmotionDemo.UWP.csproj", "{D643388C-FE99-48E9-B242-36E3F00AF0B3}"
EndProject
Project("{FAE04EC0-301F-11D3-BF4B-00C04F79EFBC}") = "Isra.Movs.EmotionDemo.iOS", "Isra.Movs.EmotionDemo\Isra.Movs.EmotionDemo.iOS\Isra.Movs.EmotionDemo.iOS.csproj", "{8B03DB50-BC4B-48A0-B6C8-470B425EC9A1}"
EndProject
Project("{2150E333-8FDC-42A3-9474-1A3956D46DE8}") = "MVVM", "MVVM", "{9E5FC643-5325-407B-B3F1-92592045A1AE}"
EndProject
Project("{FAE04EC0-301F-11D3-BF4B-00C04F79EFBC}") = "Isra.Movs.EmotionDemo.mvvm", "Isra.Movs.EmotionDemo.mvvm\Isra.Movs.EmotionDemo.mvvm.csproj", "{47D22FA6-57FB-4D72-85D7-2A02AEF9D70F}"
EndProject
Global
	GlobalSection(SolutionConfigurationPlatforms) = preSolution
		Ad-Hoc|Any CPU = Ad-Hoc|Any CPU
		Ad-Hoc|ARM = Ad-Hoc|ARM
		Ad-Hoc|iPhone = Ad-Hoc|iPhone
		Ad-Hoc|iPhoneSimulator = Ad-Hoc|iPhoneSimulator
		Ad-Hoc|x64 = Ad-Hoc|x64
		Ad-Hoc|x86 = Ad-Hoc|x86
		AppStore|Any CPU = AppStore|Any CPU
		AppStore|ARM = AppStore|ARM
		AppStore|iPhone = AppStore|iPhone
		AppStore|iPhoneSimulator = AppStore|iPhoneSimulator
		AppStore|x64 = AppStore|x64
		AppStore|x86 = AppStore|x86
		Debug|Any CPU = Debug|Any CPU
		Debug|ARM = Debug|ARM
		Debug|iPhone = Debug|iPhone
		Debug|iPhoneSimulator = Debug|iPhoneSimulator
		Debug|x64 = Debug|x64
		Debug|x86 = Debug|x86
		Release|Any CPU = Release|Any CPU
		Release|ARM = Release|ARM
		Release|iPhone = Release|iPhone
		Release|iPhoneSimulator = Release|iPhoneSimulator
		Release|x64 = Release|x64
		Release|x86 = Release|x86
	EndGlobalSection
	GlobalSection(ProjectConfigurationPlatforms) = postSolution
		{2CF778D5-B88B-48B6-A345-D13054A5ABE8}.Ad-Hoc|Any CPU.ActiveCfg = Release|Any CPU
		{2CF778D5-B88B-48B6-A345-D13054A5ABE8}.Ad-Hoc|Any CPU.Build.0 = Release|Any CPU
		{2CF778D5-B88B-48B6-A345-D13054A5ABE8}.Ad-Hoc|Any CPU.Deploy.0 = Release|Any CPU
		{2CF778D5-B88B-48B6-A345-D13054A5ABE8}.Ad-Hoc|ARM.ActiveCfg = Release|Any CPU
		{2CF778D5-B88B-48B6-A345-D13054A5ABE8}.Ad-Hoc|ARM.Build.0 = Release|Any CPU
		{2CF778D5-B88B-48B6-A345-D13054A5ABE8}.Ad-Hoc|ARM.Deploy.0 = Release|Any CPU
		{2CF778D5-B88B-48B6-A345-D13054A5ABE8}.Ad-Hoc|iPhone.ActiveCfg = Release|Any CPU
		{2CF778D5-B88B-48B6-A345-D13054A5ABE8}.Ad-Hoc|iPhone.Build.0 = Release|Any CPU
		{2CF778D5-B88B-48B6-A345-D13054A5ABE8}.Ad-Hoc|iPhone.Deploy.0 = Release|Any CPU
		{2CF778D5-B88B-48B6-A345-D13054A5ABE8}.Ad-Hoc|iPhoneSimulator.ActiveCfg = Release|Any CPU
		{2CF778D5-B88B-48B6-A345-D13054A5ABE8}.Ad-Hoc|iPhoneSimulator.Build.0 = Release|Any CPU
		{2CF778D5-B88B-48B6-A345-D13054A5ABE8}.Ad-Hoc|iPhoneSimulator.Deploy.0 = Release|Any CPU
		{2CF778D5-B88B-48B6-A345-D13054A5ABE8}.Ad-Hoc|x64.ActiveCfg = Release|Any CPU
		{2CF778D5-B88B-48B6-A345-D13054A5ABE8}.Ad-Hoc|x64.Build.0 = Release|Any CPU
		{2CF778D5-B88B-48B6-A345-D13054A5ABE8}.Ad-Hoc|x64.Deploy.0 = Release|Any CPU
		{2CF778D5-B88B-48B6-A345-D13054A5ABE8}.Ad-Hoc|x86.ActiveCfg = Release|Any CPU
		{2CF778D5-B88B-48B6-A345-D13054A5ABE8}.Ad-Hoc|x86.Build.0 = Release|Any CPU
		{2CF778D5-B88B-48B6-A345-D13054A5ABE8}.Ad-Hoc|x86.Deploy.0 = Release|Any CPU
		{2CF778D5-B88B-48B6-A345-D13054A5ABE8}.AppStore|Any CPU.ActiveCfg = Release|Any CPU
		{2CF778D5-B88B-48B6-A345-D13054A5ABE8}.AppStore|Any CPU.Build.0 = Release|Any CPU
		{2CF778D5-B88B-48B6-A345-D13054A5ABE8}.AppStore|Any CPU.Deploy.0 = Release|Any CPU
		{2CF778D5-B88B-48B6-A345-D13054A5ABE8}.AppStore|ARM.ActiveCfg = Release|Any CPU
		{2CF778D5-B88B-48B6-A345-D13054A5ABE8}.AppStore|ARM.Build.0 = Release|Any CPU
		{2CF778D5-B88B-48B6-A345-D13054A5ABE8}.AppStore|ARM.Deploy.0 = Release|Any CPU
		{2CF778D5-B88B-48B6-A345-D13054A5ABE8}.AppStore|iPhone.ActiveCfg = Release|Any CPU
		{2CF778D5-B88B-48B6-A345-D13054A5ABE8}.AppStore|iPhone.Build.0 = Release|Any CPU
		{2CF778D5-B88B-48B6-A345-D13054A5ABE8}.AppStore|iPhone.Deploy.0 = Release|Any CPU
		{2CF778D5-B88B-48B6-A345-D13054A5ABE8}.AppStore|iPhoneSimulator.ActiveCfg = Release|Any CPU
		{2CF778D5-B88B-48B6-A345-D13054A5ABE8}.AppStore|iPhoneSimulator.Build.0 = Release|Any CPU
		{2CF778D5-B88B-48B6-A345-D13054A5ABE8}.AppStore|iPhoneSimulator.Deploy.0 = Release|Any CPU
		{2CF778D5-B88B-48B6-A345-D13054A5ABE8}.AppStore|x64.ActiveCfg = Release|Any CPU
		{2CF778D5-B88B-48B6-A345-D13054A5ABE8}.AppStore|x64.Build.0 = Release|Any CPU
		{2CF778D5-B88B-48B6-A345-D13054A5ABE8}.AppStore|x64.Deploy.0 = Release|Any CPU
		{2CF778D5-B88B-48B6-A345-D13054A5ABE8}.AppStore|x86.ActiveCfg = Release|Any CPU
		{2CF778D5-B88B-48B6-A345-D13054A5ABE8}.AppStore|x86.Build.0 = Release|Any CPU
		{2CF778D5-B88B-48B6-A345-D13054A5ABE8}.AppStore|x86.Deploy.0 = Release|Any CPU
		{2CF778D5-B88B-48B6-A345-D13054A5ABE8}.Debug|Any CPU.ActiveCfg = Debug|Any CPU
		{2CF778D5-B88B-48B6-A345-D13054A5ABE8}.Debug|Any CPU.Build.0 = Debug|Any CPU
		{2CF778D5-B88B-48B6-A345-D13054A5ABE8}.Debug|Any CPU.Deploy.0 = Debug|Any CPU
		{2CF778D5-B88B-48B6-A345-D13054A5ABE8}.Debug|ARM.ActiveCfg = Debug|Any CPU
		{2CF778D5-B88B-48B6-A345-D13054A5ABE8}.Debug|ARM.Build.0 = Debug|Any CPU
		{2CF778D5-B88B-48B6-A345-D13054A5ABE8}.Debug|ARM.Deploy.0 = Debug|Any CPU
		{2CF778D5-B88B-48B6-A345-D13054A5ABE8}.Debug|iPhone.ActiveCfg = Debug|Any CPU
		{2CF778D5-B88B-48B6-A345-D13054A5ABE8}.Debug|iPhone.Build.0 = Debug|Any CPU
		{2CF778D5-B88B-48B6-A345-D13054A5ABE8}.Debug|iPhone.Deploy.0 = Debug|Any CPU
		{2CF778D5-B88B-48B6-A345-D13054A5ABE8}.Debug|iPhoneSimulator.ActiveCfg = Debug|Any CPU
		{2CF778D5-B88B-48B6-A345-D13054A5ABE8}.Debug|iPhoneSimulator.Build.0 = Debug|Any CPU
		{2CF778D5-B88B-48B6-A345-D13054A5ABE8}.Debug|iPhoneSimulator.Deploy.0 = Debug|Any CPU
		{2CF778D5-B88B-48B6-A345-D13054A5ABE8}.Debug|x64.ActiveCfg = Debug|Any CPU
		{2CF778D5-B88B-48B6-A345-D13054A5ABE8}.Debug|x64.Build.0 = Debug|Any CPU
		{2CF778D5-B88B-48B6-A345-D13054A5ABE8}.Debug|x64.Deploy.0 = Debug|Any CPU
		{2CF778D5-B88B-48B6-A345-D13054A5ABE8}.Debug|x86.ActiveCfg = Debug|Any CPU
		{2CF778D5-B88B-48B6-A345-D13054A5ABE8}.Debug|x86.Build.0 = Debug|Any CPU
		{2CF778D5-B88B-48B6-A345-D13054A5ABE8}.Debug|x86.Deploy.0 = Debug|Any CPU
		{2CF778D5-B88B-48B6-A345-D13054A5ABE8}.Release|Any CPU.ActiveCfg = Release|Any CPU
		{2CF778D5-B88B-48B6-A345-D13054A5ABE8}.Release|Any CPU.Build.0 = Release|Any CPU
		{2CF778D5-B88B-48B6-A345-D13054A5ABE8}.Release|Any CPU.Deploy.0 = Release|Any CPU
		{2CF778D5-B88B-48B6-A345-D13054A5ABE8}.Release|ARM.ActiveCfg = Release|Any CPU
		{2CF778D5-B88B-48B6-A345-D13054A5ABE8}.Release|ARM.Build.0 = Release|Any CPU
		{2CF778D5-B88B-48B6-A345-D13054A5ABE8}.Release|ARM.Deploy.0 = Release|Any CPU
		{2CF778D5-B88B-48B6-A345-D13054A5ABE8}.Release|iPhone.ActiveCfg = Release|Any CPU
		{2CF778D5-B88B-48B6-A345-D13054A5ABE8}.Release|iPhone.Build.0 = Release|Any CPU
		{2CF778D5-B88B-48B6-A345-D13054A5ABE8}.Release|iPhone.Deploy.0 = Release|Any CPU
		{2CF778D5-B88B-48B6-A345-D13054A5ABE8}.Release|iPhoneSimulator.ActiveCfg = Release|Any CPU
		{2CF778D5-B88B-48B6-A345-D13054A5ABE8}.Release|iPhoneSimulator.Build.0 = Release|Any CPU
		{2CF778D5-B88B-48B6-A345-D13054A5ABE8}.Release|iPhoneSimulator.Deploy.0 = Release|Any CPU
		{2CF778D5-B88B-48B6-A345-D13054A5ABE8}.Release|x64.ActiveCfg = Release|Any CPU
		{2CF778D5-B88B-48B6-A345-D13054A5ABE8}.Release|x64.Build.0 = Release|Any CPU
		{2CF778D5-B88B-48B6-A345-D13054A5ABE8}.Release|x64.Deploy.0 = Release|Any CPU
		{2CF778D5-B88B-48B6-A345-D13054A5ABE8}.Release|x86.ActiveCfg = Release|Any CPU
		{2CF778D5-B88B-48B6-A345-D13054A5ABE8}.Release|x86.Build.0 = Release|Any CPU
		{2CF778D5-B88B-48B6-A345-D13054A5ABE8}.Release|x86.Deploy.0 = Release|Any CPU
		{2F64BEB1-92FF-4F22-BC8B-2C6631A00510}.Ad-Hoc|Any CPU.ActiveCfg = Release|Any CPU
		{2F64BEB1-92FF-4F22-BC8B-2C6631A00510}.Ad-Hoc|Any CPU.Build.0 = Release|Any CPU
		{2F64BEB1-92FF-4F22-BC8B-2C6631A00510}.Ad-Hoc|ARM.ActiveCfg = Release|Any CPU
		{2F64BEB1-92FF-4F22-BC8B-2C6631A00510}.Ad-Hoc|ARM.Build.0 = Release|Any CPU
		{2F64BEB1-92FF-4F22-BC8B-2C6631A00510}.Ad-Hoc|iPhone.ActiveCfg = Release|Any CPU
		{2F64BEB1-92FF-4F22-BC8B-2C6631A00510}.Ad-Hoc|iPhone.Build.0 = Release|Any CPU
		{2F64BEB1-92FF-4F22-BC8B-2C6631A00510}.Ad-Hoc|iPhoneSimulator.ActiveCfg = Release|Any CPU
		{2F64BEB1-92FF-4F22-BC8B-2C6631A00510}.Ad-Hoc|iPhoneSimulator.Build.0 = Release|Any CPU
		{2F64BEB1-92FF-4F22-BC8B-2C6631A00510}.Ad-Hoc|x64.ActiveCfg = Release|Any CPU
		{2F64BEB1-92FF-4F22-BC8B-2C6631A00510}.Ad-Hoc|x64.Build.0 = Release|Any CPU
		{2F64BEB1-92FF-4F22-BC8B-2C6631A00510}.Ad-Hoc|x86.ActiveCfg = Release|Any CPU
		{2F64BEB1-92FF-4F22-BC8B-2C6631A00510}.Ad-Hoc|x86.Build.0 = Release|Any CPU
		{2F64BEB1-92FF-4F22-BC8B-2C6631A00510}.AppStore|Any CPU.ActiveCfg = Release|Any CPU
		{2F64BEB1-92FF-4F22-BC8B-2C6631A00510}.AppStore|Any CPU.Build.0 = Release|Any CPU
		{2F64BEB1-92FF-4F22-BC8B-2C6631A00510}.AppStore|ARM.ActiveCfg = Release|Any CPU
		{2F64BEB1-92FF-4F22-BC8B-2C6631A00510}.AppStore|ARM.Build.0 = Release|Any CPU
		{2F64BEB1-92FF-4F22-BC8B-2C6631A00510}.AppStore|iPhone.ActiveCfg = Release|Any CPU
		{2F64BEB1-92FF-4F22-BC8B-2C6631A00510}.AppStore|iPhone.Build.0 = Release|Any CPU
		{2F64BEB1-92FF-4F22-BC8B-2C6631A00510}.AppStore|iPhoneSimulator.ActiveCfg = Release|Any CPU
		{2F64BEB1-92FF-4F22-BC8B-2C6631A00510}.AppStore|iPhoneSimulator.Build.0 = Release|Any CPU
		{2F64BEB1-92FF-4F22-BC8B-2C6631A00510}.AppStore|x64.ActiveCfg = Release|Any CPU
		{2F64BEB1-92FF-4F22-BC8B-2C6631A00510}.AppStore|x64.Build.0 = Release|Any CPU
		{2F64BEB1-92FF-4F22-BC8B-2C6631A00510}.AppStore|x86.ActiveCfg = Release|Any CPU
		{2F64BEB1-92FF-4F22-BC8B-2C6631A00510}.AppStore|x86.Build.0 = Release|Any CPU
		{2F64BEB1-92FF-4F22-BC8B-2C6631A00510}.Debug|Any CPU.ActiveCfg = Debug|Any CPU
		{2F64BEB1-92FF-4F22-BC8B-2C6631A00510}.Debug|Any CPU.Build.0 = Debug|Any CPU
		{2F64BEB1-92FF-4F22-BC8B-2C6631A00510}.Debug|ARM.ActiveCfg = Debug|Any CPU
		{2F64BEB1-92FF-4F22-BC8B-2C6631A00510}.Debug|ARM.Build.0 = Debug|Any CPU
		{2F64BEB1-92FF-4F22-BC8B-2C6631A00510}.Debug|iPhone.ActiveCfg = Debug|Any CPU
		{2F64BEB1-92FF-4F22-BC8B-2C6631A00510}.Debug|iPhone.Build.0 = Debug|Any CPU
		{2F64BEB1-92FF-4F22-BC8B-2C6631A00510}.Debug|iPhoneSimulator.ActiveCfg = Debug|Any CPU
		{2F64BEB1-92FF-4F22-BC8B-2C6631A00510}.Debug|iPhoneSimulator.Build.0 = Debug|Any CPU
		{2F64BEB1-92FF-4F22-BC8B-2C6631A00510}.Debug|x64.ActiveCfg = Debug|Any CPU
		{2F64BEB1-92FF-4F22-BC8B-2C6631A00510}.Debug|x64.Build.0 = Debug|Any CPU
		{2F64BEB1-92FF-4F22-BC8B-2C6631A00510}.Debug|x86.ActiveCfg = Debug|Any CPU
		{2F64BEB1-92FF-4F22-BC8B-2C6631A00510}.Debug|x86.Build.0 = Debug|Any CPU
		{2F64BEB1-92FF-4F22-BC8B-2C6631A00510}.Release|Any CPU.ActiveCfg = Release|Any CPU
		{2F64BEB1-92FF-4F22-BC8B-2C6631A00510}.Release|Any CPU.Build.0 = Release|Any CPU
		{2F64BEB1-92FF-4F22-BC8B-2C6631A00510}.Release|ARM.ActiveCfg = Release|Any CPU
		{2F64BEB1-92FF-4F22-BC8B-2C6631A00510}.Release|ARM.Build.0 = Release|Any CPU
		{2F64BEB1-92FF-4F22-BC8B-2C6631A00510}.Release|iPhone.ActiveCfg = Release|Any CPU
		{2F64BEB1-92FF-4F22-BC8B-2C6631A00510}.Release|iPhone.Build.0 = Release|Any CPU
		{2F64BEB1-92FF-4F22-BC8B-2C6631A00510}.Release|iPhoneSimulator.ActiveCfg = Release|Any CPU
		{2F64BEB1-92FF-4F22-BC8B-2C6631A00510}.Release|iPhoneSimulator.Build.0 = Release|Any CPU
		{2F64BEB1-92FF-4F22-BC8B-2C6631A00510}.Release|x64.ActiveCfg = Release|Any CPU
		{2F64BEB1-92FF-4F22-BC8B-2C6631A00510}.Release|x64.Build.0 = Release|Any CPU
		{2F64BEB1-92FF-4F22-BC8B-2C6631A00510}.Release|x86.ActiveCfg = Release|Any CPU
		{2F64BEB1-92FF-4F22-BC8B-2C6631A00510}.Release|x86.Build.0 = Release|Any CPU
		{D643388C-FE99-48E9-B242-36E3F00AF0B3}.Ad-Hoc|Any CPU.ActiveCfg = Release|x86
		{D643388C-FE99-48E9-B242-36E3F00AF0B3}.Ad-Hoc|Any CPU.Build.0 = Release|x86
		{D643388C-FE99-48E9-B242-36E3F00AF0B3}.Ad-Hoc|Any CPU.Deploy.0 = Release|x86
		{D643388C-FE99-48E9-B242-36E3F00AF0B3}.Ad-Hoc|ARM.ActiveCfg = Release|ARM
		{D643388C-FE99-48E9-B242-36E3F00AF0B3}.Ad-Hoc|ARM.Build.0 = Release|ARM
		{D643388C-FE99-48E9-B242-36E3F00AF0B3}.Ad-Hoc|ARM.Deploy.0 = Release|ARM
		{D643388C-FE99-48E9-B242-36E3F00AF0B3}.Ad-Hoc|iPhone.ActiveCfg = Release|x86
		{D643388C-FE99-48E9-B242-36E3F00AF0B3}.Ad-Hoc|iPhone.Build.0 = Release|x86
		{D643388C-FE99-48E9-B242-36E3F00AF0B3}.Ad-Hoc|iPhone.Deploy.0 = Release|x86
		{D643388C-FE99-48E9-B242-36E3F00AF0B3}.Ad-Hoc|iPhoneSimulator.ActiveCfg = Release|x86
		{D643388C-FE99-48E9-B242-36E3F00AF0B3}.Ad-Hoc|iPhoneSimulator.Build.0 = Release|x86
		{D643388C-FE99-48E9-B242-36E3F00AF0B3}.Ad-Hoc|iPhoneSimulator.Deploy.0 = Release|x86
		{D643388C-FE99-48E9-B242-36E3F00AF0B3}.Ad-Hoc|x64.ActiveCfg = Release|x64
		{D643388C-FE99-48E9-B242-36E3F00AF0B3}.Ad-Hoc|x64.Build.0 = Release|x64
		{D643388C-FE99-48E9-B242-36E3F00AF0B3}.Ad-Hoc|x64.Deploy.0 = Release|x64
		{D643388C-FE99-48E9-B242-36E3F00AF0B3}.Ad-Hoc|x86.ActiveCfg = Release|x86
		{D643388C-FE99-48E9-B242-36E3F00AF0B3}.Ad-Hoc|x86.Build.0 = Release|x86
		{D643388C-FE99-48E9-B242-36E3F00AF0B3}.Ad-Hoc|x86.Deploy.0 = Release|x86
		{D643388C-FE99-48E9-B242-36E3F00AF0B3}.AppStore|Any CPU.ActiveCfg = Release|x86
		{D643388C-FE99-48E9-B242-36E3F00AF0B3}.AppStore|Any CPU.Build.0 = Release|x86
		{D643388C-FE99-48E9-B242-36E3F00AF0B3}.AppStore|Any CPU.Deploy.0 = Release|x86
		{D643388C-FE99-48E9-B242-36E3F00AF0B3}.AppStore|ARM.ActiveCfg = Release|ARM
		{D643388C-FE99-48E9-B242-36E3F00AF0B3}.AppStore|ARM.Build.0 = Release|ARM
		{D643388C-FE99-48E9-B242-36E3F00AF0B3}.AppStore|ARM.Deploy.0 = Release|ARM
		{D643388C-FE99-48E9-B242-36E3F00AF0B3}.AppStore|iPhone.ActiveCfg = Release|x86
		{D643388C-FE99-48E9-B242-36E3F00AF0B3}.AppStore|iPhone.Build.0 = Release|x86
		{D643388C-FE99-48E9-B242-36E3F00AF0B3}.AppStore|iPhone.Deploy.0 = Release|x86
		{D643388C-FE99-48E9-B242-36E3F00AF0B3}.AppStore|iPhoneSimulator.ActiveCfg = Release|x86
		{D643388C-FE99-48E9-B242-36E3F00AF0B3}.AppStore|iPhoneSimulator.Build.0 = Release|x86
		{D643388C-FE99-48E9-B242-36E3F00AF0B3}.AppStore|iPhoneSimulator.Deploy.0 = Release|x86
		{D643388C-FE99-48E9-B242-36E3F00AF0B3}.AppStore|x64.ActiveCfg = Release|x64
		{D643388C-FE99-48E9-B242-36E3F00AF0B3}.AppStore|x64.Build.0 = Release|x64
		{D643388C-FE99-48E9-B242-36E3F00AF0B3}.AppStore|x64.Deploy.0 = Release|x64
		{D643388C-FE99-48E9-B242-36E3F00AF0B3}.AppStore|x86.ActiveCfg = Release|x86
		{D643388C-FE99-48E9-B242-36E3F00AF0B3}.AppStore|x86.Build.0 = Release|x86
		{D643388C-FE99-48E9-B242-36E3F00AF0B3}.AppStore|x86.Deploy.0 = Release|x86
		{D643388C-FE99-48E9-B242-36E3F00AF0B3}.Debug|Any CPU.ActiveCfg = Debug|x86
		{D643388C-FE99-48E9-B242-36E3F00AF0B3}.Debug|Any CPU.Build.0 = Debug|x86
		{D643388C-FE99-48E9-B242-36E3F00AF0B3}.Debug|Any CPU.Deploy.0 = Debug|x86
		{D643388C-FE99-48E9-B242-36E3F00AF0B3}.Debug|ARM.ActiveCfg = Debug|ARM
		{D643388C-FE99-48E9-B242-36E3F00AF0B3}.Debug|ARM.Build.0 = Debug|ARM
		{D643388C-FE99-48E9-B242-36E3F00AF0B3}.Debug|ARM.Deploy.0 = Debug|ARM
		{D643388C-FE99-48E9-B242-36E3F00AF0B3}.Debug|iPhone.ActiveCfg = Debug|x86
		{D643388C-FE99-48E9-B242-36E3F00AF0B3}.Debug|iPhoneSimulator.ActiveCfg = Debug|x86
		{D643388C-FE99-48E9-B242-36E3F00AF0B3}.Debug|x64.ActiveCfg = Debug|x64
		{D643388C-FE99-48E9-B242-36E3F00AF0B3}.Debug|x64.Build.0 = Debug|x64
		{D643388C-FE99-48E9-B242-36E3F00AF0B3}.Debug|x64.Deploy.0 = Debug|x64
		{D643388C-FE99-48E9-B242-36E3F00AF0B3}.Debug|x86.ActiveCfg = Debug|x86
		{D643388C-FE99-48E9-B242-36E3F00AF0B3}.Debug|x86.Build.0 = Debug|x86
		{D643388C-FE99-48E9-B242-36E3F00AF0B3}.Debug|x86.Deploy.0 = Debug|x86
		{D643388C-FE99-48E9-B242-36E3F00AF0B3}.Release|Any CPU.ActiveCfg = Release|x86
		{D643388C-FE99-48E9-B242-36E3F00AF0B3}.Release|ARM.ActiveCfg = Release|ARM
		{D643388C-FE99-48E9-B242-36E3F00AF0B3}.Release|ARM.Build.0 = Release|ARM
		{D643388C-FE99-48E9-B242-36E3F00AF0B3}.Release|ARM.Deploy.0 = Release|ARM
		{D643388C-FE99-48E9-B242-36E3F00AF0B3}.Release|iPhone.ActiveCfg = Release|x86
		{D643388C-FE99-48E9-B242-36E3F00AF0B3}.Release|iPhoneSimulator.ActiveCfg = Release|x86
		{D643388C-FE99-48E9-B242-36E3F00AF0B3}.Release|x64.ActiveCfg = Release|x64
		{D643388C-FE99-48E9-B242-36E3F00AF0B3}.Release|x64.Build.0 = Release|x64
		{D643388C-FE99-48E9-B242-36E3F00AF0B3}.Release|x64.Deploy.0 = Release|x64
		{D643388C-FE99-48E9-B242-36E3F00AF0B3}.Release|x86.ActiveCfg = Release|x86
		{D643388C-FE99-48E9-B242-36E3F00AF0B3}.Release|x86.Build.0 = Release|x86
		{D643388C-FE99-48E9-B242-36E3F00AF0B3}.Release|x86.Deploy.0 = Release|x86
		{8B03DB50-BC4B-48A0-B6C8-470B425EC9A1}.Ad-Hoc|Any CPU.ActiveCfg = Ad-Hoc|iPhone
		{8B03DB50-BC4B-48A0-B6C8-470B425EC9A1}.Ad-Hoc|ARM.ActiveCfg = Ad-Hoc|iPhone
		{8B03DB50-BC4B-48A0-B6C8-470B425EC9A1}.Ad-Hoc|iPhone.ActiveCfg = Ad-Hoc|iPhone
		{8B03DB50-BC4B-48A0-B6C8-470B425EC9A1}.Ad-Hoc|iPhone.Build.0 = Ad-Hoc|iPhone
		{8B03DB50-BC4B-48A0-B6C8-470B425EC9A1}.Ad-Hoc|iPhoneSimulator.ActiveCfg = Ad-Hoc|iPhoneSimulator
		{8B03DB50-BC4B-48A0-B6C8-470B425EC9A1}.Ad-Hoc|iPhoneSimulator.Build.0 = Ad-Hoc|iPhoneSimulator
		{8B03DB50-BC4B-48A0-B6C8-470B425EC9A1}.Ad-Hoc|x64.ActiveCfg = Ad-Hoc|iPhone
		{8B03DB50-BC4B-48A0-B6C8-470B425EC9A1}.Ad-Hoc|x86.ActiveCfg = Ad-Hoc|iPhone
		{8B03DB50-BC4B-48A0-B6C8-470B425EC9A1}.AppStore|Any CPU.ActiveCfg = AppStore|iPhone
		{8B03DB50-BC4B-48A0-B6C8-470B425EC9A1}.AppStore|ARM.ActiveCfg = AppStore|iPhone
		{8B03DB50-BC4B-48A0-B6C8-470B425EC9A1}.AppStore|iPhone.ActiveCfg = AppStore|iPhone
		{8B03DB50-BC4B-48A0-B6C8-470B425EC9A1}.AppStore|iPhone.Build.0 = AppStore|iPhone
		{8B03DB50-BC4B-48A0-B6C8-470B425EC9A1}.AppStore|iPhoneSimulator.ActiveCfg = AppStore|iPhoneSimulator
		{8B03DB50-BC4B-48A0-B6C8-470B425EC9A1}.AppStore|iPhoneSimulator.Build.0 = AppStore|iPhoneSimulator
		{8B03DB50-BC4B-48A0-B6C8-470B425EC9A1}.AppStore|x64.ActiveCfg = AppStore|iPhone
		{8B03DB50-BC4B-48A0-B6C8-470B425EC9A1}.AppStore|x86.ActiveCfg = AppStore|iPhone
		{8B03DB50-BC4B-48A0-B6C8-470B425EC9A1}.Debug|Any CPU.ActiveCfg = Debug|iPhone
		{8B03DB50-BC4B-48A0-B6C8-470B425EC9A1}.Debug|ARM.ActiveCfg = Debug|iPhone
		{8B03DB50-BC4B-48A0-B6C8-470B425EC9A1}.Debug|iPhone.ActiveCfg = Debug|iPhone
		{8B03DB50-BC4B-48A0-B6C8-470B425EC9A1}.Debug|iPhone.Build.0 = Debug|iPhone
		{8B03DB50-BC4B-48A0-B6C8-470B425EC9A1}.Debug|iPhoneSimulator.ActiveCfg = Debug|iPhoneSimulator
		{8B03DB50-BC4B-48A0-B6C8-470B425EC9A1}.Debug|iPhoneSimulator.Build.0 = Debug|iPhoneSimulator
		{8B03DB50-BC4B-48A0-B6C8-470B425EC9A1}.Debug|x64.ActiveCfg = Debug|iPhone
		{8B03DB50-BC4B-48A0-B6C8-470B425EC9A1}.Debug|x86.ActiveCfg = Debug|iPhone
		{8B03DB50-BC4B-48A0-B6C8-470B425EC9A1}.Release|Any CPU.ActiveCfg = Release|iPhone
		{8B03DB50-BC4B-48A0-B6C8-470B425EC9A1}.Release|ARM.ActiveCfg = Release|iPhone
		{8B03DB50-BC4B-48A0-B6C8-470B425EC9A1}.Release|iPhone.ActiveCfg = Release|iPhone
		{8B03DB50-BC4B-48A0-B6C8-470B425EC9A1}.Release|iPhone.Build.0 = Release|iPhone
		{8B03DB50-BC4B-48A0-B6C8-470B425EC9A1}.Release|iPhoneSimulator.ActiveCfg = Release|iPhoneSimulator
		{8B03DB50-BC4B-48A0-B6C8-470B425EC9A1}.Release|iPhoneSimulator.Build.0 = Release|iPhoneSimulator
		{8B03DB50-BC4B-48A0-B6C8-470B425EC9A1}.Release|x64.ActiveCfg = Release|iPhone
		{8B03DB50-BC4B-48A0-B6C8-470B425EC9A1}.Release|x86.ActiveCfg = Release|iPhone
		{47D22FA6-57FB-4D72-85D7-2A02AEF9D70F}.Ad-Hoc|Any CPU.ActiveCfg = Release|Any CPU
		{47D22FA6-57FB-4D72-85D7-2A02AEF9D70F}.Ad-Hoc|Any CPU.Build.0 = Release|Any CPU
		{47D22FA6-57FB-4D72-85D7-2A02AEF9D70F}.Ad-Hoc|ARM.ActiveCfg = Release|Any CPU
		{47D22FA6-57FB-4D72-85D7-2A02AEF9D70F}.Ad-Hoc|ARM.Build.0 = Release|Any CPU
		{47D22FA6-57FB-4D72-85D7-2A02AEF9D70F}.Ad-Hoc|iPhone.ActiveCfg = Release|Any CPU
		{47D22FA6-57FB-4D72-85D7-2A02AEF9D70F}.Ad-Hoc|iPhone.Build.0 = Release|Any CPU
		{47D22FA6-57FB-4D72-85D7-2A02AEF9D70F}.Ad-Hoc|iPhoneSimulator.ActiveCfg = Release|Any CPU
		{47D22FA6-57FB-4D72-85D7-2A02AEF9D70F}.Ad-Hoc|iPhoneSimulator.Build.0 = Release|Any CPU
		{47D22FA6-57FB-4D72-85D7-2A02AEF9D70F}.Ad-Hoc|x64.ActiveCfg = Release|Any CPU
		{47D22FA6-57FB-4D72-85D7-2A02AEF9D70F}.Ad-Hoc|x64.Build.0 = Release|Any CPU
		{47D22FA6-57FB-4D72-85D7-2A02AEF9D70F}.Ad-Hoc|x86.ActiveCfg = Release|Any CPU
		{47D22FA6-57FB-4D72-85D7-2A02AEF9D70F}.Ad-Hoc|x86.Build.0 = Release|Any CPU
		{47D22FA6-57FB-4D72-85D7-2A02AEF9D70F}.AppStore|Any CPU.ActiveCfg = Release|Any CPU
		{47D22FA6-57FB-4D72-85D7-2A02AEF9D70F}.AppStore|Any CPU.Build.0 = Release|Any CPU
		{47D22FA6-57FB-4D72-85D7-2A02AEF9D70F}.AppStore|ARM.ActiveCfg = Release|Any CPU
		{47D22FA6-57FB-4D72-85D7-2A02AEF9D70F}.AppStore|ARM.Build.0 = Release|Any CPU
		{47D22FA6-57FB-4D72-85D7-2A02AEF9D70F}.AppStore|iPhone.ActiveCfg = Release|Any CPU
		{47D22FA6-57FB-4D72-85D7-2A02AEF9D70F}.AppStore|iPhone.Build.0 = Release|Any CPU
		{47D22FA6-57FB-4D72-85D7-2A02AEF9D70F}.AppStore|iPhoneSimulator.ActiveCfg = Release|Any CPU
		{47D22FA6-57FB-4D72-85D7-2A02AEF9D70F}.AppStore|iPhoneSimulator.Build.0 = Release|Any CPU
		{47D22FA6-57FB-4D72-85D7-2A02AEF9D70F}.AppStore|x64.ActiveCfg = Release|Any CPU
		{47D22FA6-57FB-4D72-85D7-2A02AEF9D70F}.AppStore|x64.Build.0 = Release|Any CPU
		{47D22FA6-57FB-4D72-85D7-2A02AEF9D70F}.AppStore|x86.ActiveCfg = Release|Any CPU
		{47D22FA6-57FB-4D72-85D7-2A02AEF9D70F}.AppStore|x86.Build.0 = Release|Any CPU
		{47D22FA6-57FB-4D72-85D7-2A02AEF9D70F}.Debug|Any CPU.ActiveCfg = Debug|Any CPU
		{47D22FA6-57FB-4D72-85D7-2A02AEF9D70F}.Debug|Any CPU.Build.0 = Debug|Any CPU
		{47D22FA6-57FB-4D72-85D7-2A02AEF9D70F}.Debug|ARM.ActiveCfg = Debug|Any CPU
		{47D22FA6-57FB-4D72-85D7-2A02AEF9D70F}.Debug|ARM.Build.0 = Debug|Any CPU
		{47D22FA6-57FB-4D72-85D7-2A02AEF9D70F}.Debug|iPhone.ActiveCfg = Debug|Any CPU
		{47D22FA6-57FB-4D72-85D7-2A02AEF9D70F}.Debug|iPhone.Build.0 = Debug|Any CPU
		{47D22FA6-57FB-4D72-85D7-2A02AEF9D70F}.Debug|iPhoneSimulator.ActiveCfg = Debug|Any CPU
		{47D22FA6-57FB-4D72-85D7-2A02AEF9D70F}.Debug|iPhoneSimulator.Build.0 = Debug|Any CPU
		{47D22FA6-57FB-4D72-85D7-2A02AEF9D70F}.Debug|x64.ActiveCfg = Debug|Any CPU
		{47D22FA6-57FB-4D72-85D7-2A02AEF9D70F}.Debug|x64.Build.0 = Debug|Any CPU
		{47D22FA6-57FB-4D72-85D7-2A02AEF9D70F}.Debug|x86.ActiveCfg = Debug|Any CPU
		{47D22FA6-57FB-4D72-85D7-2A02AEF9D70F}.Debug|x86.Build.0 = Debug|Any CPU
		{47D22FA6-57FB-4D72-85D7-2A02AEF9D70F}.Release|Any CPU.ActiveCfg = Release|Any CPU
		{47D22FA6-57FB-4D72-85D7-2A02AEF9D70F}.Release|Any CPU.Build.0 = Release|Any CPU
		{47D22FA6-57FB-4D72-85D7-2A02AEF9D70F}.Release|ARM.ActiveCfg = Release|Any CPU
		{47D22FA6-57FB-4D72-85D7-2A02AEF9D70F}.Release|ARM.Build.0 = Release|Any CPU
		{47D22FA6-57FB-4D72-85D7-2A02AEF9D70F}.Release|iPhone.ActiveCfg = Release|Any CPU
		{47D22FA6-57FB-4D72-85D7-2A02AEF9D70F}.Release|iPhone.Build.0 = Release|Any CPU
		{47D22FA6-57FB-4D72-85D7-2A02AEF9D70F}.Release|iPhoneSimulator.ActiveCfg = Release|Any CPU
		{47D22FA6-57FB-4D72-85D7-2A02AEF9D70F}.Release|iPhoneSimulator.Build.0 = Release|Any CPU
		{47D22FA6-57FB-4D72-85D7-2A02AEF9D70F}.Release|x64.ActiveCfg = Release|Any CPU
		{47D22FA6-57FB-4D72-85D7-2A02AEF9D70F}.Release|x64.Build.0 = Release|Any CPU
		{47D22FA6-57FB-4D72-85D7-2A02AEF9D70F}.Release|x86.ActiveCfg = Release|Any CPU
		{47D22FA6-57FB-4D72-85D7-2A02AEF9D70F}.Release|x86.Build.0 = Release|Any CPU
	EndGlobalSection
	GlobalSection(SolutionProperties) = preSolution
		HideSolutionNode = FALSE
	EndGlobalSection
	GlobalSection(NestedProjects) = preSolution
		{47D22FA6-57FB-4D72-85D7-2A02AEF9D70F} = {9E5FC643-5325-407B-B3F1-92592045A1AE}
	EndGlobalSection
EndGlobal
