
Microsoft Visual Studio Solution File, Format Version 12.00
# Visual Studio 15
VisualStudioVersion = 15.0.27428.2015
MinimumVisualStudioVersion = 10.0.40219.1
Project("{FAE04EC0-301F-11D3-BF4B-00C04F79EFBC}") = "TwainTest", "TwainTest\TwainTest.csproj", "{6DE3AD13-E7C1-4452-B22E-D28D70139E2E}"
EndProject
Global
	GlobalSection(SolutionConfigurationPlatforms) = preSolution
		Debug|Any CPU = Debug|Any CPU
		Release|Any CPU = Release|Any CPU
	EndGlobalSection
	GlobalSection(ProjectConfigurationPlatforms) = postSolution
		{6DE3AD13-E7C1-4452-B22E-D28D70139E2E}.Debug|Any CPU.ActiveCfg = Debug|Any CPU
		{6DE3AD13-E7C1-4452-B22E-D28D70139E2E}.Debug|Any CPU.Build.0 = Debug|Any CPU
		{6DE3AD13-E7C1-4452-B22E-D28D70139E2E}.Release|Any CPU.ActiveCfg = Release|Any CPU
		{6DE3AD13-E7C1-4452-B22E-D28D70139E2E}.Release|Any CPU.Build.0 = Release|Any CPU
	EndGlobalSection
	GlobalSection(SolutionProperties) = preSolution
		HideSolutionNode = FALSE
	EndGlobalSection
	GlobalSection(ExtensibilityGlobals) = postSolution
		SolutionGuid = {33A8832E-5C69-455E-8837-E04187112304}
	EndGlobalSection
EndGlobal
