
Microsoft Visual Studio Solution File, Format Version 12.00
# Visual Studio 15
VisualStudioVersion = 15.0.26430.6
MinimumVisualStudioVersion = 10.0.40219.1
Project("{FAE04EC0-301F-11D3-BF4B-00C04F79EFBC}") = "GoogleSpreadsheetTest", "GoogleSpreadsheetTest\GoogleSpreadsheetTest.csproj", "{9B7D6282-D1A6-41EC-B2A2-CEE30D327330}"
EndProject
Global
	GlobalSection(SolutionConfigurationPlatforms) = preSolution
		Debug|Any CPU = Debug|Any CPU
		Release|Any CPU = Release|Any CPU
	EndGlobalSection
	GlobalSection(ProjectConfigurationPlatforms) = postSolution
		{9B7D6282-D1A6-41EC-B2A2-CEE30D327330}.Debug|Any CPU.ActiveCfg = Debug|Any CPU
		{9B7D6282-D1A6-41EC-B2A2-CEE30D327330}.Debug|Any CPU.Build.0 = Debug|Any CPU
		{9B7D6282-D1A6-41EC-B2A2-CEE30D327330}.Release|Any CPU.ActiveCfg = Release|Any CPU
		{9B7D6282-D1A6-41EC-B2A2-CEE30D327330}.Release|Any CPU.Build.0 = Release|Any CPU
	EndGlobalSection
	GlobalSection(SolutionProperties) = preSolution
		HideSolutionNode = FALSE
	EndGlobalSection
EndGlobal
